{
  "name": "rmsu.my.id",
  "version": "1.0.0",
  "lockfileVersion": 3,
  "requires": true,
  "packages": {
    "": {
      "name": "rmsu.my.id",
      "version": "1.0.0",
      "license": "ISC",
      "dependencies": {
        "@hotwired/turbo": "^7.3.0"
      }
    },
    "node_modules/@hotwired/turbo": {
      "version": "7.3.0",
      "resolved": "https://registry.npmjs.org/@hotwired/turbo/-/turbo-7.3.0.tgz",
      "integrity": "sha512-Dcu+NaSvHLT7EjrDrkEmH4qET2ZJZ5IcCWmNXxNQTBwlnE5tBZfN6WxZ842n5cHV52DH/AKNirbPBtcEXDLW4g==",
      "engines": {
        "node": ">= 14"
      }
    }
  }
}
